# This file is automatically @generated by Cargo.
# It is not intended for manual editing.
version = 4

[[package]]
name = "lt-audio"
version = "0.1.0"
dependencies = [
 "lt-core",
]

[[package]]
name = "lt-cli"
version = "0.1.0"
dependencies = [
 "lt-audio",
 "lt-core",
 "lt-llm",
 "lt-sherpa",
]

[[package]]
name = "lt-core"
version = "0.1.0"

[[package]]
name = "lt-llm"
version = "0.1.0"
dependencies = [
 "lt-core",
]

[[package]]
name = "lt-sherpa"
version = "0.1.0"
dependencies = [
 "lt-core",
]
